{
  "name": "typescript.net",
  "version": "1.0.0",
  "lockfileVersion": 1,
  "requires": true,
  "dependencies": {
    "linqts": {
      "version": "1.12.0",
      "resolved": "https://registry.npmjs.org/linqts/-/linqts-1.12.0.tgz",
      "integrity": "sha512-U+bEoiitUnqYdYu1deG3+Kg2WyKaHTjHctQ/3RyJJodlSSDp+5mRsm8WQFwfPVlZjQXSAQZ9MFBkYxp48A42iA=="
    },
    "typescript": {
      "version": "2.9.2",
      "resolved": "https://registry.npmjs.org/typescript/-/typescript-2.9.2.tgz",
      "integrity": "sha512-Gr4p6nFNaoufRIY4NMdpQRNmgxVIGMs4Fcu/ujdYk3nAZqk7supzBE9idmvfZIlH/Cuj//dvi+019qEue9lV0w==",
      "dev": true
    },
    "typescript-dotnet-commonjs": {
      "version": "4.11.1",
      "resolved": "https://registry.npmjs.org/typescript-dotnet-commonjs/-/typescript-dotnet-commonjs-4.11.1.tgz",
      "integrity": "sha512-BFDZblJ9MrP6DPv4/BeVWrqMYz/Kyr8TFg5n+AkQYS1ioY8RPN/vZQHNc+I1uzc3mwEkxTdEtt7o42dpn775/g=="
    }
  }
}
